{
  "projects": [
    {
      "projectId": "58GpZjZCWTaJ8AUhpCwt2K",
      "version": "3.23.0",
      "dependencies": {},
      "lang": "ts",
      "fileLocks": [
        {
          "assetId": "58GpZjZCWTaJ8AUhpCwt2K",
          "type": "projectCss",
          "checksum": "fd84921cc10936e6ceb458c2ae01c4bd"
        }
      ],
      "codegenVersion": "0.0.1"
    },
    {
      "projectId": "7nJ7UcFmq9UzB6eXfC5z4a",
      "version": "0.26.0",
      "dependencies": {},
      "lang": "ts",
      "fileLocks": [
        {
          "assetId": "7nJ7UcFmq9UzB6eXfC5z4a",
          "type": "projectCss",
          "checksum": "05587b57f22f0ec8bb54543deb39762e"
        }
      ],
      "codegenVersion": "0.0.1"
    },
    {
      "projectId": "rY1Gt6hjQrRvqMhh3q425n",
      "version": "latest",
      "dependencies": {
        "7nJ7UcFmq9UzB6eXfC5z4a": "0.26.0",
        "58GpZjZCWTaJ8AUhpCwt2K": "3.23.0"
      },
      "lang": "ts",
      "fileLocks": [
        {
          "type": "globalVariant",
          "assetId": "mtm3a4OO9hSa",
          "checksum": "ec44877b5808fee2a131fa5cb8b16ab7"
        },
        {
          "assetId": "rY1Gt6hjQrRvqMhh3q425n",
          "type": "projectCss",
          "checksum": "b65e57b7c1dd619ea67388bec60c277e"
        },
        {
          "type": "renderModule",
          "assetId": "wkGkT8ME1sVz",
          "checksum": "f1298a72187c923c08ec4da4a5ed2757"
        },
        {
          "type": "cssRules",
          "assetId": "wkGkT8ME1sVz",
          "checksum": "f1298a72187c923c08ec4da4a5ed2757"
        },
        {
          "type": "renderModule",
          "assetId": "_2Pvy2xO8-e_",
          "checksum": "6f6bcd595b2fdf23e4cf331b4cce8e4a"
        },
        {
          "type": "cssRules",
          "assetId": "_2Pvy2xO8-e_",
          "checksum": "6f6bcd595b2fdf23e4cf331b4cce8e4a"
        },
        {
          "type": "renderModule",
          "assetId": "zDwRbWMETZH5",
          "checksum": "0642e61122af1dbd4d1c82971c05914e"
        },
        {
          "type": "cssRules",
          "assetId": "zDwRbWMETZH5",
          "checksum": "0642e61122af1dbd4d1c82971c05914e"
        },
        {
          "type": "renderModule",
          "assetId": "so5weq24VuiV",
          "checksum": "8019c10481d10c2c7c20da65e52b99b7"
        },
        {
          "type": "cssRules",
          "assetId": "so5weq24VuiV",
          "checksum": "8019c10481d10c2c7c20da65e52b99b7"
        },
        {
          "type": "renderModule",
          "assetId": "6SnOwwEGnja9",
          "checksum": "ff64ca82eb7fc9e4ccbc2810bae76bda"
        },
        {
          "type": "cssRules",
          "assetId": "6SnOwwEGnja9",
          "checksum": "ff64ca82eb7fc9e4ccbc2810bae76bda"
        },
        {
          "type": "renderModule",
          "assetId": "afbHaOgF2DSq",
          "checksum": "14a16c293c93dbb764a0106ea5f6af6f"
        },
        {
          "type": "cssRules",
          "assetId": "afbHaOgF2DSq",
          "checksum": "14a16c293c93dbb764a0106ea5f6af6f"
        },
        {
          "type": "renderModule",
          "assetId": "3WG5jolSY8SI",
          "checksum": "51e7a497f5714fcfd86bc2b4b2fda149"
        },
        {
          "type": "cssRules",
          "assetId": "3WG5jolSY8SI",
          "checksum": "51e7a497f5714fcfd86bc2b4b2fda149"
        },
        {
          "type": "renderModule",
          "assetId": "LJ5XFx12L-s7",
          "checksum": "f548b7569c9e3d0447ec0911ec1a1e15"
        },
        {
          "type": "cssRules",
          "assetId": "LJ5XFx12L-s7",
          "checksum": "f548b7569c9e3d0447ec0911ec1a1e15"
        },
        {
          "type": "renderModule",
          "assetId": "MwvRcZA1ySW0",
          "checksum": "300b47e2a87a022065a37da316db6b6d"
        },
        {
          "type": "cssRules",
          "assetId": "MwvRcZA1ySW0",
          "checksum": "300b47e2a87a022065a37da316db6b6d"
        },
        {
          "type": "renderModule",
          "assetId": "hcateiUMeWk_",
          "checksum": "153dad0082708855281d4fc34bd50783"
        },
        {
          "type": "cssRules",
          "assetId": "hcateiUMeWk_",
          "checksum": "153dad0082708855281d4fc34bd50783"
        },
        {
          "type": "icon",
          "assetId": "Et1uzLZYzvwV",
          "checksum": "170864595da5f39bbfeca11da4b26195"
        },
        {
          "type": "icon",
          "assetId": "SwYI3UN6MGsI",
          "checksum": "9bc1a6d436ad514f2fdacf618ae25c75"
        },
        {
          "type": "icon",
          "assetId": "RnQD1y9zB4Hf",
          "checksum": "cf4a1a60380ab3bea78e2e7329df809d"
        },
        {
          "type": "icon",
          "assetId": "zIkI4UJE-zrK",
          "checksum": "d0903f8d967921ded21254bbbc45d96f"
        },
        {
          "type": "icon",
          "assetId": "NTkAnZorKr8h",
          "checksum": "607a81e80a8fdff17eb32fa502b2eb13"
        },
        {
          "type": "icon",
          "assetId": "ngidWrraIuD0",
          "checksum": "d1f06ae4985132baf5a2f50ed6db3d6a"
        },
        {
          "type": "icon",
          "assetId": "eOkzTQSi9e9i",
          "checksum": "9ad12f8e4602c057818d77497169261e"
        },
        {
          "type": "icon",
          "assetId": "N8qezVbXiivs",
          "checksum": "31d60cd63333aaf1ade61448a2484c75"
        },
        {
          "type": "icon",
          "assetId": "IiZbPsDRlDUJ",
          "checksum": "68bed7de27cd4f3d6206fa8240588e15"
        },
        {
          "type": "icon",
          "assetId": "cRgVXJrij70S",
          "checksum": "55fa2abc7b0aa8b71c4654be71bdec00"
        },
        {
          "type": "image",
          "assetId": "akTkN4cvaK4X",
          "checksum": "98fdcc9c6962ecd514a3adbe3b6dcbb0"
        },
        {
          "type": "image",
          "assetId": "zsFxg2fCfXih",
          "checksum": "ad8a14c7caa0ecc3fabaebf71dd0671a"
        },
        {
          "type": "image",
          "assetId": "Ev8F1w8UhssK",
          "checksum": "5d9178536162c7e1073bf2358b7f979d"
        },
        {
          "type": "image",
          "assetId": "dZe-0HwYWr2b",
          "checksum": "1f083b9ea4ebd6cfaaf7685d7985a8f0"
        },
        {
          "type": "image",
          "assetId": "BTcWZzsH8ksb",
          "checksum": "165745780fce6926fed78d681e8150c2"
        },
        {
          "type": "image",
          "assetId": "BDeLFgGJ8G9f",
          "checksum": "bce87180789870f42dc95dc5edf01f89"
        },
        {
          "type": "image",
          "assetId": "EMIsWsEv9MGw",
          "checksum": "a326bef01c80384f804a1c827976919b"
        },
        {
          "type": "image",
          "assetId": "3CkGLQ1gt3RI",
          "checksum": "43489d48875876bcca77712eff0bbdae"
        },
        {
          "type": "image",
          "assetId": "GiWTL1eYFhUI",
          "checksum": "f56efa8d7d8dcc2ffaf137ba16c09b4b"
        },
        {
          "type": "image",
          "assetId": "fApUi_9vU883",
          "checksum": "8019c0ee9b3ab4bc7d4980894da486ae"
        },
        {
          "type": "image",
          "assetId": "2FISfugOxoV0",
          "checksum": "939103bda694457209744dcc64f012f1"
        },
        {
          "type": "image",
          "assetId": "y2HT5G0qYe2p",
          "checksum": "1aded418d1a926b53f2dec482f2d0018"
        },
        {
          "type": "image",
          "assetId": "uLFVK0KdwZwB",
          "checksum": "dbd758b99002912d7ab7c920a27eee0c"
        },
        {
          "type": "image",
          "assetId": "rBlTJSRhhuPj",
          "checksum": "92750c568374a8b4b051831d2df96fed"
        },
        {
          "type": "image",
          "assetId": "tmOAW0EY86Pl",
          "checksum": "5e7d68337344cbf776744f7d90c6c54a"
        },
        {
          "type": "image",
          "assetId": "Ch1mcRbbiDoU",
          "checksum": "54456e756e0bb71849ad820bf08a2346"
        },
        {
          "type": "image",
          "assetId": "TrqsQvKhTA6x",
          "checksum": "f45dcdfd30aa7e0346fd3d2dd83c97c7"
        },
        {
          "type": "image",
          "assetId": "l56C3AkmqUkV",
          "checksum": "f57d4fa5cced34336df3e4adb3c5e492"
        },
        {
          "type": "image",
          "assetId": "VB__Qs4iYnIw",
          "checksum": "8b0b0c280e25e1ec3f6e7d69c00d2fc0"
        },
        {
          "type": "image",
          "assetId": "A6Ul1TLZ4ew9",
          "checksum": "ad02ea03500815f9a272a6155276ad9a"
        },
        {
          "type": "image",
          "assetId": "DqIh8nx78SIp",
          "checksum": "2b8185ed204d490aa008a27aa9fa53dc"
        },
        {
          "type": "image",
          "assetId": "1pF9qylvVxxS",
          "checksum": "254032a4a97834928f645a4d10954daf"
        },
        {
          "type": "image",
          "assetId": "jFwYaLeLOisL",
          "checksum": "0e4b5909a405dc1df21162528153cf7d"
        },
        {
          "type": "image",
          "assetId": "g_gp40inUph5",
          "checksum": "c27d00119f81d757f144a362acf7eae2"
        },
        {
          "type": "image",
          "assetId": "Jk9re--n_Apq",
          "checksum": "ab9337d00a0bfa7c015b3503fc9229a8"
        },
        {
          "type": "image",
          "assetId": "uyjHvQeZsP5G",
          "checksum": "e1eb0bab44b4d602cbc132f2a06fd76d"
        },
        {
          "type": "image",
          "assetId": "H6YA-u1ty1Se",
          "checksum": "7127ee6b165ffc246b78a13adc5bc71a"
        },
        {
          "type": "image",
          "assetId": "FMPE3ke_jQsk",
          "checksum": "441ba0406e05f0fe3a1d7e9532b4be39"
        },
        {
          "type": "image",
          "assetId": "wP8KcZ2BKfgO",
          "checksum": "e2f6e3a302ce7421966f66c396f472ba"
        },
        {
          "type": "image",
          "assetId": "Nc0XHJCF7PEq",
          "checksum": "b65fdf15c61b642b40a670ab2b749dbf"
        },
        {
          "type": "image",
          "assetId": "mwn2U3CbsZjq",
          "checksum": "c64ec258923df51bae76b1f4d4b926cc"
        },
        {
          "type": "image",
          "assetId": "YRfSaA6S9wGZ",
          "checksum": "5417f7470117c23b93351937854db553"
        },
        {
          "type": "image",
          "assetId": "dhR2Ke4mOB3a",
          "checksum": "464154ff41dd81120d2a2e98d4ce07b2"
        },
        {
          "type": "image",
          "assetId": "XRz-j08HIioT",
          "checksum": "4ff33ce80c8e06ccd604eeb7d6be592b"
        },
        {
          "type": "image",
          "assetId": "aHUW04RpkaxU",
          "checksum": "c31d54ec8a625ca8b5d4b2d842bcede3"
        },
        {
          "type": "image",
          "assetId": "xka1oxgXy0ng",
          "checksum": "55d710026f6004727b7c3d3375212c21"
        },
        {
          "type": "image",
          "assetId": "F-ImlHRUSsh2",
          "checksum": "27ef3dad6aaeb6da5fb223f4bbd664ec"
        },
        {
          "type": "image",
          "assetId": "P6U4N0Jq03N4",
          "checksum": "a5dbcd7655ab725687542ea31b481e11"
        },
        {
          "type": "image",
          "assetId": "C_3qp67oe4EB",
          "checksum": "618471abfc978c00960e274756b40c40"
        },
        {
          "type": "image",
          "assetId": "VL57I4Pn9tUD",
          "checksum": "244e4f4950432f308851abb821d0047d"
        },
        {
          "type": "image",
          "assetId": "SV3iwUvP_qrx",
          "checksum": "27da847d21432077ab0a803ef29bd1db"
        },
        {
          "type": "image",
          "assetId": "k2SDflTyKQfh",
          "checksum": "f86432997b6b0c360317cf45c9670b2b"
        },
        {
          "type": "image",
          "assetId": "woj87HJxGyS8",
          "checksum": "5531c7957ce3762733265c2c4610b19b"
        },
        {
          "type": "image",
          "assetId": "TJXYZN6bfjE_",
          "checksum": "c0b8560acf2f6f20cdd4e276e1d7b5f9"
        }
      ],
      "codegenVersion": "0.0.1"
    }
  ],
  "cliVersion": "0.1.327"
}
